// !$*UTF8*$!
{
	archiveVersion = 1;
	classes = {
	};
	objectVersion = 55;
	objects = {

/* Begin PBXBuildFile section */
		15B8907365C112AD12F690ED /* Pods_Adapter_Examaple.framework in Frameworks */ = {isa = PBXBuildFile; fileRef = 977CDF6A29F1B1F256B06363 /* Pods_Adapter_Examaple.framework */; };
		7120BAC727897A0B0048ECD6 /* CustomCell.swift in Sources */ = {isa = PBXBuildFile; fileRef = 7120BAC327897A0B0048ECD6 /* CustomCell.swift */; };
		7120BAC827897A0B0048ECD6 /* CustomCell.xib in Resources */ = {isa = PBXBuildFile; fileRef = 7120BAC427897A0B0048ECD6 /* CustomCell.xib */; };
		7120BAC927897A0B0048ECD6 /* ViewController.swift in Sources */ = {isa = PBXBuildFile; fileRef = 7120BAC527897A0B0048ECD6 /* ViewController.swift */; };
		7120BACA27897A0B0048ECD6 /* Main.storyboard in Resources */ = {isa = PBXBuildFile; fileRef = 7120BAC627897A0B0048ECD6 /* Main.storyboard */; };
		7120BAD227897BA70048ECD6 /* AdapterRowCell.swift in Sources */ = {isa = PBXBuildFile; fileRef = 7120BACC27897BA70048ECD6 /* AdapterRowCell.swift */; };
		7120BAD327897BA70048ECD6 /* UITableView+Adapter.swift in Sources */ = {isa = PBXBuildFile; fileRef = 7120BACD27897BA70048ECD6 /* UITableView+Adapter.swift */; };
		7120BAD427897BA70048ECD6 /* AdapterSectionView.swift in Sources */ = {isa = PBXBuildFile; fileRef = 7120BACE27897BA70048ECD6 /* AdapterSectionView.swift */; };
		7120BAD527897BA70048ECD6 /* AdapterRow.swift in Sources */ = {isa = PBXBuildFile; fileRef = 7120BACF27897BA70048ECD6 /* AdapterRow.swift */; };
		7120BAD627897BA70048ECD6 /* AdapterSection.swift in Sources */ = {isa = PBXBuildFile; fileRef = 7120BAD027897BA70048ECD6 /* AdapterSection.swift */; };
		7120BAD727897BA70048ECD6 /* Adapter.swift in Sources */ = {isa = PBXBuildFile; fileRef = 7120BAD127897BA70048ECD6 /* Adapter.swift */; };
		7123CEBC278974D200528465 /* AppDelegate.swift in Sources */ = {isa = PBXBuildFile; fileRef = 7123CEBB278974D200528465 /* AppDelegate.swift */; };
		7123CEBE278974D200528465 /* SceneDelegate.swift in Sources */ = {isa = PBXBuildFile; fileRef = 7123CEBD278974D200528465 /* SceneDelegate.swift */; };
		7123CEC5278974D500528465 /* Assets.xcassets in Resources */ = {isa = PBXBuildFile; fileRef = 7123CEC4278974D500528465 /* Assets.xcassets */; };
		7123CEC8278974D500528465 /* LaunchScreen.storyboard in Resources */ = {isa = PBXBuildFile; fileRef = 7123CEC6278974D500528465 /* LaunchScreen.storyboard */; };
/* End PBXBuildFile section */

/* Begin PBXFileReference section */
		3DC51CEC75871485063707A8 /* Pods-Adapter-Examaple.debug.xcconfig */ = {isa = PBXFileReference; includeInIndex = 1; lastKnownFileType = text.xcconfig; name = "Pods-Adapter-Examaple.debug.xcconfig"; path = "Target Support Files/Pods-Adapter-Examaple/Pods-Adapter-Examaple.debug.xcconfig"; sourceTree = "<group>"; };
		7120BAC327897A0B0048ECD6 /* CustomCell.swift */ = {isa = PBXFileReference; fileEncoding = 4; lastKnownFileType = sourcecode.swift; path = CustomCell.swift; sourceTree = "<group>"; };
		7120BAC427897A0B0048ECD6 /* CustomCell.xib */ = {isa = PBXFileReference; fileEncoding = 4; lastKnownFileType = file.xib; path = CustomCell.xib; sourceTree = "<group>"; };
		7120BAC527897A0B0048ECD6 /* ViewController.swift */ = {isa = PBXFileReference; fileEncoding = 4; lastKnownFileType = sourcecode.swift; path = ViewController.swift; sourceTree = "<group>"; };
		7120BAC627897A0B0048ECD6 /* Main.storyboard */ = {isa = PBXFileReference; fileEncoding = 4; lastKnownFileType = file.storyboard; path = Main.storyboard; sourceTree = "<group>"; };
		7120BACC27897BA70048ECD6 /* AdapterRowCell.swift */ = {isa = PBXFileReference; fileEncoding = 4; lastKnownFileType = sourcecode.swift; path = AdapterRowCell.swift; sourceTree = "<group>"; };
		7120BACD27897BA70048ECD6 /* UITableView+Adapter.swift */ = {isa = PBXFileReference; fileEncoding = 4; lastKnownFileType = sourcecode.swift; path = "UITableView+Adapter.swift"; sourceTree = "<group>"; };
		7120BACE27897BA70048ECD6 /* AdapterSectionView.swift */ = {isa = PBXFileReference; fileEncoding = 4; lastKnownFileType = sourcecode.swift; path = AdapterSectionView.swift; sourceTree = "<group>"; };
		7120BACF27897BA70048ECD6 /* AdapterRow.swift */ = {isa = PBXFileReference; fileEncoding = 4; lastKnownFileType = sourcecode.swift; path = AdapterRow.swift; sourceTree = "<group>"; };
		7120BAD027897BA70048ECD6 /* AdapterSection.swift */ = {isa = PBXFileReference; fileEncoding = 4; lastKnownFileType = sourcecode.swift; path = AdapterSection.swift; sourceTree = "<group>"; };
		7120BAD127897BA70048ECD6 /* Adapter.swift */ = {isa = PBXFileReference; fileEncoding = 4; lastKnownFileType = sourcecode.swift; path = Adapter.swift; sourceTree = "<group>"; };
		7123CEB8278974D200528465 /* Adapter-Examaple.app */ = {isa = PBXFileReference; explicitFileType = wrapper.application; includeInIndex = 0; path = "Adapter-Examaple.app"; sourceTree = BUILT_PRODUCTS_DIR; };
		7123CEBB278974D200528465 /* AppDelegate.swift */ = {isa = PBXFileReference; lastKnownFileType = sourcecode.swift; path = AppDelegate.swift; sourceTree = "<group>"; };
		7123CEBD278974D200528465 /* SceneDelegate.swift */ = {isa = PBXFileReference; lastKnownFileType = sourcecode.swift; path = SceneDelegate.swift; sourceTree = "<group>"; };
		7123CEC4278974D500528465 /* Assets.xcassets */ = {isa = PBXFileReference; lastKnownFileType = folder.assetcatalog; path = Assets.xcassets; sourceTree = "<group>"; };
		7123CEC7278974D500528465 /* Base */ = {isa = PBXFileReference; lastKnownFileType = file.storyboard; name = Base; path = Base.lproj/LaunchScreen.storyboard; sourceTree = "<group>"; };
		7123CEC9278974D500528465 /* Info.plist */ = {isa = PBXFileReference; lastKnownFileType = text.plist.xml; path = Info.plist; sourceTree = "<group>"; };
		977CDF6A29F1B1F256B06363 /* Pods_Adapter_Examaple.framework */ = {isa = PBXFileReference; explicitFileType = wrapper.framework; includeInIndex = 0; path = Pods_Adapter_Examaple.framework; sourceTree = BUILT_PRODUCTS_DIR; };
		F36CFD460365D1EA6D685C59 /* Pods-Adapter-Examaple.release.xcconfig */ = {isa = PBXFileReference; includeInIndex = 1; lastKnownFileType = text.xcconfig; name = "Pods-Adapter-Examaple.release.xcconfig"; path = "Target Support Files/Pods-Adapter-Examaple/Pods-Adapter-Examaple.release.xcconfig"; sourceTree = "<group>"; };
/* End PBXFileReference section */

/* Begin PBXFrameworksBuildPhase section */
		7123CEB5278974D200528465 /* Frameworks */ = {
			isa = PBXFrameworksBuildPhase;
			buildActionMask = 2147483647;
			files = (
				15B8907365C112AD12F690ED /* Pods_Adapter_Examaple.framework in Frameworks */,
			);
			runOnlyForDeploymentPostprocessing = 0;
		};
/* End PBXFrameworksBuildPhase section */

/* Begin PBXGroup section */
		22A338BC9AB57A70268613A0 /* Pods */ = {
			isa = PBXGroup;
			children = (
				3DC51CEC75871485063707A8 /* Pods-Adapter-Examaple.debug.xcconfig */,
				F36CFD460365D1EA6D685C59 /* Pods-Adapter-Examaple.release.xcconfig */,
			);
			path = Pods;
			sourceTree = "<group>";
		};
		5F338992E53A6A0783F9DA20 /* Frameworks */ = {
			isa = PBXGroup;
			children = (
				977CDF6A29F1B1F256B06363 /* Pods_Adapter_Examaple.framework */,
			);
			name = Frameworks;
			sourceTree = "<group>";
		};
		7120BACB27897BA70048ECD6 /* Adapter */ = {
			isa = PBXGroup;
			children = (
				7120BACC27897BA70048ECD6 /* AdapterRowCell.swift */,
				7120BACD27897BA70048ECD6 /* UITableView+Adapter.swift */,
				7120BACE27897BA70048ECD6 /* AdapterSectionView.swift */,
				7120BACF27897BA70048ECD6 /* AdapterRow.swift */,
				7120BAD027897BA70048ECD6 /* AdapterSection.swift */,
				7120BAD127897BA70048ECD6 /* Adapter.swift */,
			);
			path = Adapter;
			sourceTree = SOURCE_ROOT;
		};
		7123CEAF278974D200528465 = {
			isa = PBXGroup;
			children = (
				7123CEBA278974D200528465 /* Adapter-Examaple */,
				7123CEB9278974D200528465 /* Products */,
				22A338BC9AB57A70268613A0 /* Pods */,
				5F338992E53A6A0783F9DA20 /* Frameworks */,
			);
			sourceTree = "<group>";
		};
		7123CEB9278974D200528465 /* Products */ = {
			isa = PBXGroup;
			children = (
				7123CEB8278974D200528465 /* Adapter-Examaple.app */,
			);
			name = Products;
			sourceTree = "<group>";
		};
		7123CEBA278974D200528465 /* Adapter-Examaple */ = {
			isa = PBXGroup;
			children = (
				7120BACB27897BA70048ECD6 /* Adapter */,
				7123CEBB278974D200528465 /* AppDelegate.swift */,
				7123CEBD278974D200528465 /* SceneDelegate.swift */,
				7120BAC327897A0B0048ECD6 /* CustomCell.swift */,
				7120BAC527897A0B0048ECD6 /* ViewController.swift */,
				7120BAC427897A0B0048ECD6 /* CustomCell.xib */,
				7120BAC627897A0B0048ECD6 /* Main.storyboard */,
				7123CEC4278974D500528465 /* Assets.xcassets */,
				7123CEC6278974D500528465 /* LaunchScreen.storyboard */,
				7123CEC9278974D500528465 /* Info.plist */,
			);
			path = "Adapter-Examaple";
			sourceTree = "<group>";
		};
/* End PBXGroup section */

/* Begin PBXNativeTarget section */
		7123CEB7278974D200528465 /* Adapter-Examaple */ = {
			isa = PBXNativeTarget;
			buildConfigurationList = 7123CECC278974D500528465 /* Build configuration list for PBXNativeTarget "Adapter-Examaple" */;
			buildPhases = (
				AD876DC46BEC29130B987596 /* [CP] Check Pods Manifest.lock */,
				7123CEB4278974D200528465 /* Sources */,
				7123CEB5278974D200528465 /* Frameworks */,
				7123CEB6278974D200528465 /* Resources */,
				541FCB1C6A362CD0AED90D4B /* [CP] Embed Pods Frameworks */,
			);
			buildRules = (
			);
			dependencies = (
			);
			name = "Adapter-Examaple";
			productName = "Adapter-Examaple";
			productReference = 7123CEB8278974D200528465 /* Adapter-Examaple.app */;
			productType = "com.apple.product-type.application";
		};
/* End PBXNativeTarget section */

/* Begin PBXProject section */
		7123CEB0278974D200528465 /* Project object */ = {
			isa = PBXProject;
			attributes = {
				BuildIndependentTargetsInParallel = 1;
				LastSwiftUpdateCheck = 1320;
				LastUpgradeCheck = 1320;
				TargetAttributes = {
					7123CEB7278974D200528465 = {
						CreatedOnToolsVersion = 13.2.1;
					};
				};
			};
			buildConfigurationList = 7123CEB3278974D200528465 /* Build configuration list for PBXProject "Adapter-Examaple" */;
			compatibilityVersion = "Xcode 13.0";
			developmentRegion = en;
			hasScannedForEncodings = 0;
			knownRegions = (
				en,
				Base,
			);
			mainGroup = 7123CEAF278974D200528465;
			productRefGroup = 7123CEB9278974D200528465 /* Products */;
			projectDirPath = "";
			projectRoot = "";
			targets = (
				7123CEB7278974D200528465 /* Adapter-Examaple */,
			);
		};
/* End PBXProject section */

/* Begin PBXResourcesBuildPhase section */
		7123CEB6278974D200528465 /* Resources */ = {
			isa = PBXResourcesBuildPhase;
			buildActionMask = 2147483647;
			files = (
				7120BAC827897A0B0048ECD6 /* CustomCell.xib in Resources */,
				7123CEC8278974D500528465 /* LaunchScreen.storyboard in Resources */,
				7123CEC5278974D500528465 /* Assets.xcassets in Resources */,
				7120BACA27897A0B0048ECD6 /* Main.storyboard in Resources */,
			);
			runOnlyForDeploymentPostprocessing = 0;
		};
/* End PBXResourcesBuildPhase section */

/* Begin PBXShellScriptBuildPhase section */
		541FCB1C6A362CD0AED90D4B /* [CP] Embed Pods Frameworks */ = {
			isa = PBXShellScriptBuildPhase;
			buildActionMask = 2147483647;
			files = (
			);
			inputFileListPaths = (
				"${PODS_ROOT}/Target Support Files/Pods-Adapter-Examaple/Pods-Adapter-Examaple-frameworks-${CONFIGURATION}-input-files.xcfilelist",
			);
			name = "[CP] Embed Pods Frameworks";
			outputFileListPaths = (
				"${PODS_ROOT}/Target Support Files/Pods-Adapter-Examaple/Pods-Adapter-Examaple-frameworks-${CONFIGURATION}-output-files.xcfilelist",
			);
			runOnlyForDeploymentPostprocessing = 0;
			shellPath = /bin/sh;
			shellScript = "\"${PODS_ROOT}/Target Support Files/Pods-Adapter-Examaple/Pods-Adapter-Examaple-frameworks.sh\"\n";
			showEnvVarsInLog = 0;
		};
		AD876DC46BEC29130B987596 /* [CP] Check Pods Manifest.lock */ = {
			isa = PBXShellScriptBuildPhase;
			buildActionMask = 2147483647;
			files = (
			);
			inputFileListPaths = (
			);
			inputPaths = (
				"${PODS_PODFILE_DIR_PATH}/Podfile.lock",
				"${PODS_ROOT}/Manifest.lock",
			);
			name = "[CP] Check Pods Manifest.lock";
			outputFileListPaths = (
			);
			outputPaths = (
				"$(DERIVED_FILE_DIR)/Pods-Adapter-Examaple-checkManifestLockResult.txt",
			);
			runOnlyForDeploymentPostprocessing = 0;
			shellPath = /bin/sh;
			shellScript = "diff \"${PODS_PODFILE_DIR_PATH}/Podfile.lock\" \"${PODS_ROOT}/Manifest.lock\" > /dev/null\nif [ $? != 0 ] ; then\n    # print error to STDERR\n    echo \"error: The sandbox is not in sync with the Podfile.lock. Run 'pod install' or update your CocoaPods installation.\" >&2\n    exit 1\nfi\n# This output is used by Xcode 'outputs' to avoid re-running this script phase.\necho \"SUCCESS\" > \"${SCRIPT_OUTPUT_FILE_0}\"\n";
			showEnvVarsInLog = 0;
		};
/* End PBXShellScriptBuildPhase section */

/* Begin PBXSourcesBuildPhase section */
		7123CEB4278974D200528465 /* Sources */ = {
			isa = PBXSourcesBuildPhase;
			buildActionMask = 2147483647;
			files = (
				7120BAC927897A0B0048ECD6 /* ViewController.swift in Sources */,
				7120BAD427897BA70048ECD6 /* AdapterSectionView.swift in Sources */,
				7120BAC727897A0B0048ECD6 /* CustomCell.swift in Sources */,
				7120BAD727897BA70048ECD6 /* Adapter.swift in Sources */,
				7123CEBC278974D200528465 /* AppDelegate.swift in Sources */,
				7120BAD527897BA70048ECD6 /* AdapterRow.swift in Sources */,
				7120BAD627897BA70048ECD6 /* AdapterSection.swift in Sources */,
				7120BAD227897BA70048ECD6 /* AdapterRowCell.swift in Sources */,
				7123CEBE278974D200528465 /* SceneDelegate.swift in Sources */,
				7120BAD327897BA70048ECD6 /* UITableView+Adapter.swift in Sources */,
			);
			runOnlyForDeploymentPostprocessing = 0;
		};
/* End PBXSourcesBuildPhase section */

/* Begin PBXVariantGroup section */
		7123CEC6278974D500528465 /* LaunchScreen.storyboard */ = {
			isa = PBXVariantGroup;
			children = (
				7123CEC7278974D500528465 /* Base */,
			);
			name = LaunchScreen.storyboard;
			sourceTree = "<group>";
		};
/* End PBXVariantGroup section */

/* Begin XCBuildConfiguration section */
		7123CECA278974D500528465 /* Debug */ = {
			isa = XCBuildConfiguration;
			buildSettings = {
				ALWAYS_SEARCH_USER_PATHS = NO;
				CLANG_ANALYZER_NONNULL = YES;
				CLANG_ANALYZER_NUMBER_OBJECT_CONVERSION = YES_AGGRESSIVE;
				CLANG_CXX_LANGUAGE_STANDARD = "gnu++17";
				CLANG_CXX_LIBRARY = "libc++";
				CLANG_ENABLE_MODULES = YES;
				CLANG_ENABLE_OBJC_ARC = YES;
				CLANG_ENABLE_OBJC_WEAK = YES;
				CLANG_WARN_BLOCK_CAPTURE_AUTORELEASING = YES;
				CLANG_WARN_BOOL_CONVERSION = YES;
				CLANG_WARN_COMMA = YES;
				CLANG_WARN_CONSTANT_CONVERSION = YES;
				CLANG_WARN_DEPRECATED_OBJC_IMPLEMENTATIONS = YES;
				CLANG_WARN_DIRECT_OBJC_ISA_USAGE = YES_ERROR;
				CLANG_WARN_DOCUMENTATION_COMMENTS = YES;
				CLANG_WARN_EMPTY_BODY = YES;
				CLANG_WARN_ENUM_CONVERSION = YES;
				CLANG_WARN_INFINITE_RECURSION = YES;
				CLANG_WARN_INT_CONVERSION = YES;
				CLANG_WARN_NON_LITERAL_NULL_CONVERSION = YES;
				CLANG_WARN_OBJC_IMPLICIT_RETAIN_SELF = YES;
				CLANG_WARN_OBJC_LITERAL_CONVERSION = YES;
				CLANG_WARN_OBJC_ROOT_CLASS = YES_ERROR;
				CLANG_WARN_QUOTED_INCLUDE_IN_FRAMEWORK_HEADER = YES;
				CLANG_WARN_RANGE_LOOP_ANALYSIS = YES;
				CLANG_WARN_STRICT_PROTOTYPES = YES;
				CLANG_WARN_SUSPICIOUS_MOVE = YES;
				CLANG_WARN_UNGUARDED_AVAILABILITY = YES_AGGRESSIVE;
				CLANG_WARN_UNREACHABLE_CODE = YES;
				CLANG_WARN__DUPLICATE_METHOD_MATCH = YES;
				COPY_PHASE_STRIP = NO;
				DEBUG_INFORMATION_FORMAT = dwarf;
				ENABLE_STRICT_OBJC_MSGSEND = YES;
				ENABLE_TESTABILITY = YES;
				GCC_C_LANGUAGE_STANDARD = gnu11;
				GCC_DYNAMIC_NO_PIC = NO;
				GCC_NO_COMMON_BLOCKS = YES;
				GCC_OPTIMIZATION_LEVEL = 0;
				GCC_PREPROCESSOR_DEFINITIONS = (
					"DEBUG=1",
					"$(inherited)",
				);
				GCC_WARN_64_TO_32_BIT_CONVERSION = YES;
				GCC_WARN_ABOUT_RETURN_TYPE = YES_ERROR;
				GCC_WARN_UNDECLARED_SELECTOR = YES;
				GCC_WARN_UNINITIALIZED_AUTOS = YES_AGGRESSIVE;
				GCC_WARN_UNUSED_FUNCTION = YES;
				GCC_WARN_UNUSED_VARIABLE = YES;
				IPHONEOS_DEPLOYMENT_TARGET = 15.2;
				MTL_ENABLE_DEBUG_INFO = INCLUDE_SOURCE;
				MTL_FAST_MATH = YES;
				ONLY_ACTIVE_ARCH = YES;
				SDKROOT = iphoneos;
				SWIFT_ACTIVE_COMPILATION_CONDITIONS = DEBUG;
				SWIFT_OPTIMIZATION_LEVEL = "-Onone";
			};
			name = Debug;
		};
		7123CECB278974D500528465 /* Release */ = {
			isa = XCBuildConfiguration;
			buildSettings = {
				ALWAYS_SEARCH_USER_PATHS = NO;
				CLANG_ANALYZER_NONNULL = YES;
				CLANG_ANALYZER_NUMBER_OBJECT_CONVERSION = YES_AGGRESSIVE;
				CLANG_CXX_LANGUAGE_STANDARD = "gnu++17";
				CLANG_CXX_LIBRARY = "libc++";
				CLANG_ENABLE_MODULES = YES;
				CLANG_ENABLE_OBJC_ARC = YES;
				CLANG_ENABLE_OBJC_WEAK = YES;
				CLANG_WARN_BLOCK_CAPTURE_AUTORELEASING = YES;
				CLANG_WARN_BOOL_CONVERSION = YES;
				CLANG_WARN_COMMA = YES;
				CLANG_WARN_CONSTANT_CONVERSION = YES;
				CLANG_WARN_DEPRECATED_OBJC_IMPLEMENTATIONS = YES;
				CLANG_WARN_DIRECT_OBJC_ISA_USAGE = YES_ERROR;
				CLANG_WARN_DOCUMENTATION_COMMENTS = YES;
				CLANG_WARN_EMPTY_BODY = YES;
				CLANG_WARN_ENUM_CONVERSION = YES;
				CLANG_WARN_INFINITE_RECURSION = YES;
				CLANG_WARN_INT_CONVERSION = YES;
				CLANG_WARN_NON_LITERAL_NULL_CONVERSION = YES;
				CLANG_WARN_OBJC_IMPLICIT_RETAIN_SELF = YES;
				CLANG_WARN_OBJC_LITERAL_CONVERSION = YES;
				CLANG_WARN_OBJC_ROOT_CLASS = YES_ERROR;
				CLANG_WARN_QUOTED_INCLUDE_IN_FRAMEWORK_HEADER = YES;
				CLANG_WARN_RANGE_LOOP_ANALYSIS = YES;
				CLANG_WARN_STRICT_PROTOTYPES = YES;
				CLANG_WARN_SUSPICIOUS_MOVE = YES;
				CLANG_WARN_UNGUARDED_AVAILABILITY = YES_AGGRESSIVE;
				CLANG_WARN_UNREACHABLE_CODE = YES;
				CLANG_WARN__DUPLICATE_METHOD_MATCH = YES;
				COPY_PHASE_STRIP = NO;
				DEBUG_INFORMATION_FORMAT = "dwarf-with-dsym";
				ENABLE_NS_ASSERTIONS = NO;
				ENABLE_STRICT_OBJC_MSGSEND = YES;
				GCC_C_LANGUAGE_STANDARD = gnu11;
				GCC_NO_COMMON_BLOCKS = YES;
				GCC_WARN_64_TO_32_BIT_CONVERSION = YES;
				GCC_WARN_ABOUT_RETURN_TYPE = YES_ERROR;
				GCC_WARN_UNDECLARED_SELECTOR = YES;
				GCC_WARN_UNINITIALIZED_AUTOS = YES_AGGRESSIVE;
				GCC_WARN_UNUSED_FUNCTION = YES;
				GCC_WARN_UNUSED_VARIABLE = YES;
				IPHONEOS_DEPLOYMENT_TARGET = 15.2;
				MTL_ENABLE_DEBUG_INFO = NO;
				MTL_FAST_MATH = YES;
				SDKROOT = iphoneos;
				SWIFT_COMPILATION_MODE = wholemodule;
				SWIFT_OPTIMIZATION_LEVEL = "-O";
				VALIDATE_PRODUCT = YES;
			};
			name = Release;
		};
		7123CECD278974D500528465 /* Debug */ = {
			isa = XCBuildConfiguration;
			baseConfigurationReference = 3DC51CEC75871485063707A8 /* Pods-Adapter-Examaple.debug.xcconfig */;
			buildSettings = {
				ASSETCATALOG_COMPILER_APPICON_NAME = AppIcon;
				ASSETCATALOG_COMPILER_GLOBAL_ACCENT_COLOR_NAME = AccentColor;
				CODE_SIGN_STYLE = Automatic;
				CURRENT_PROJECT_VERSION = 1;
				DEVELOPMENT_TEAM = BR22JZ726W;
				GENERATE_INFOPLIST_FILE = YES;
				INFOPLIST_FILE = "Adapter-Examaple/Info.plist";
				INFOPLIST_KEY_UIApplicationSupportsIndirectInputEvents = YES;
				INFOPLIST_KEY_UILaunchStoryboardName = LaunchScreen;
				INFOPLIST_KEY_UIMainStoryboardFile = Main;
				INFOPLIST_KEY_UISupportedInterfaceOrientations_iPad = "UIInterfaceOrientationPortrait UIInterfaceOrientationPortraitUpsideDown UIInterfaceOrientationLandscapeLeft UIInterfaceOrientationLandscapeRight";
				INFOPLIST_KEY_UISupportedInterfaceOrientations_iPhone = "UIInterfaceOrientationPortrait UIInterfaceOrientationLandscapeLeft UIInterfaceOrientationLandscapeRight";
				LD_RUNPATH_SEARCH_PATHS = (
					"$(inherited)",
					"@executable_path/Frameworks",
				);
				MARKETING_VERSION = 1.0;
				PRODUCT_BUNDLE_IDENTIFIER = "com.newhope.Adapter-Examaple";
				PRODUCT_NAME = "$(TARGET_NAME)";
				SWIFT_EMIT_LOC_STRINGS = YES;
				SWIFT_VERSION = 5.0;
				TARGETED_DEVICE_FAMILY = "1,2";
			};
			name = Debug;
		};
		7123CECE278974D500528465 /* Release */ = {
			isa = XCBuildConfiguration;
			baseConfigurationReference = F36CFD460365D1EA6D685C59 /* Pods-Adapter-Examaple.release.xcconfig */;
			buildSettings = {
				ASSETCATALOG_COMPILER_APPICON_NAME = AppIcon;
				ASSETCATALOG_COMPILER_GLOBAL_ACCENT_COLOR_NAME = AccentColor;
				CODE_SIGN_STYLE = Automatic;
				CURRENT_PROJECT_VERSION = 1;
				DEVELOPMENT_TEAM = BR22JZ726W;
				GENERATE_INFOPLIST_FILE = YES;
				INFOPLIST_FILE = "Adapter-Examaple/Info.plist";
				INFOPLIST_KEY_UIApplicationSupportsIndirectInputEvents = YES;
				INFOPLIST_KEY_UILaunchStoryboardName = LaunchScreen;
				INFOPLIST_KEY_UIMainStoryboardFile = Main;
				INFOPLIST_KEY_UISupportedInterfaceOrientations_iPad = "UIInterfaceOrientationPortrait UIInterfaceOrientationPortraitUpsideDown UIInterfaceOrientationLandscapeLeft UIInterfaceOrientationLandscapeRight";
				INFOPLIST_KEY_UISupportedInterfaceOrientations_iPhone = "UIInterfaceOrientationPortrait UIInterfaceOrientationLandscapeLeft UIInterfaceOrientationLandscapeRight";
				LD_RUNPATH_SEARCH_PATHS = (
					"$(inherited)",
					"@executable_path/Frameworks",
				);
				MARKETING_VERSION = 1.0;
				PRODUCT_BUNDLE_IDENTIFIER = "com.newhope.Adapter-Examaple";
				PRODUCT_NAME = "$(TARGET_NAME)";
				SWIFT_EMIT_LOC_STRINGS = YES;
				SWIFT_VERSION = 5.0;
				TARGETED_DEVICE_FAMILY = "1,2";
			};
			name = Release;
		};
/* End XCBuildConfiguration section */

/* Begin XCConfigurationList section */
		7123CEB3278974D200528465 /* Build configuration list for PBXProject "Adapter-Examaple" */ = {
			isa = XCConfigurationList;
			buildConfigurations = (
				7123CECA278974D500528465 /* Debug */,
				7123CECB278974D500528465 /* Release */,
			);
			defaultConfigurationIsVisible = 0;
			defaultConfigurationName = Release;
		};
		7123CECC278974D500528465 /* Build configuration list for PBXNativeTarget "Adapter-Examaple" */ = {
			isa = XCConfigurationList;
			buildConfigurations = (
				7123CECD278974D500528465 /* Debug */,
				7123CECE278974D500528465 /* Release */,
			);
			defaultConfigurationIsVisible = 0;
			defaultConfigurationName = Release;
		};
/* End XCConfigurationList section */
	};
	rootObject = 7123CEB0278974D200528465 /* Project object */;
}
